
Microsoft Visual Studio Solution File, Format Version 12.00
# Visual Studio 15
VisualStudioVersion = 15.0.28307.960
MinimumVisualStudioVersion = 10.0.40219.1
Project("{FAE04EC0-301F-11D3-BF4B-00C04F79EFBC}") = "AngularCourseBEObsolete", "AngularCourseBE\AngularCourseBEObsolete.csproj", "{A5B9080A-AE7E-489F-B082-6B39F8A9CCD6}"
EndProject
Project("{FAE04EC0-301F-11D3-BF4B-00C04F79EFBC}") = "AngularCourse", "AngularCourse\AngularCourse.csproj", "{065CC2EA-ADC4-417B-A800-4BD331CBB078}"
EndProject
Global
	GlobalSection(SolutionConfigurationPlatforms) = preSolution
		Debug|Any CPU = Debug|Any CPU
		Release|Any CPU = Release|Any CPU
	EndGlobalSection
	GlobalSection(ProjectConfigurationPlatforms) = postSolution
		{A5B9080A-AE7E-489F-B082-6B39F8A9CCD6}.Debug|Any CPU.ActiveCfg = Debug|Any CPU
		{A5B9080A-AE7E-489F-B082-6B39F8A9CCD6}.Debug|Any CPU.Build.0 = Debug|Any CPU
		{A5B9080A-AE7E-489F-B082-6B39F8A9CCD6}.Release|Any CPU.ActiveCfg = Release|Any CPU
		{A5B9080A-AE7E-489F-B082-6B39F8A9CCD6}.Release|Any CPU.Build.0 = Release|Any CPU
		{065CC2EA-ADC4-417B-A800-4BD331CBB078}.Debug|Any CPU.ActiveCfg = Debug|Any CPU
		{065CC2EA-ADC4-417B-A800-4BD331CBB078}.Debug|Any CPU.Build.0 = Debug|Any CPU
		{065CC2EA-ADC4-417B-A800-4BD331CBB078}.Release|Any CPU.ActiveCfg = Release|Any CPU
		{065CC2EA-ADC4-417B-A800-4BD331CBB078}.Release|Any CPU.Build.0 = Release|Any CPU
	EndGlobalSection
	GlobalSection(SolutionProperties) = preSolution
		HideSolutionNode = FALSE
	EndGlobalSection
	GlobalSection(ExtensibilityGlobals) = postSolution
		SolutionGuid = {F6BA2335-FBA1-420C-90EE-540B155C910C}
	EndGlobalSection
EndGlobal
